
Microsoft Visual Studio Solution File, Format Version 12.00
# Visual Studio Version 17
VisualStudioVersion = 17.3.32819.101
MinimumVisualStudioVersion = 10.0.40219.1
Project("{FAE04EC0-301F-11D3-BF4B-00C04F79EFBC}") = "Uppgift3.16", "Uppgift3.16\Uppgift3.16.csproj", "{644CDEA8-5027-4493-ADED-981AC90DFEA7}"
EndProject
Global
	GlobalSection(SolutionConfigurationPlatforms) = preSolution
		Debug|Any CPU = Debug|Any CPU
		Release|Any CPU = Release|Any CPU
	EndGlobalSection
	GlobalSection(ProjectConfigurationPlatforms) = postSolution
		{644CDEA8-5027-4493-ADED-981AC90DFEA7}.Debug|Any CPU.ActiveCfg = Debug|Any CPU
		{644CDEA8-5027-4493-ADED-981AC90DFEA7}.Debug|Any CPU.Build.0 = Debug|Any CPU
		{644CDEA8-5027-4493-ADED-981AC90DFEA7}.Release|Any CPU.ActiveCfg = Release|Any CPU
		{644CDEA8-5027-4493-ADED-981AC90DFEA7}.Release|Any CPU.Build.0 = Release|Any CPU
	EndGlobalSection
	GlobalSection(SolutionProperties) = preSolution
		HideSolutionNode = FALSE
	EndGlobalSection
	GlobalSection(ExtensibilityGlobals) = postSolution
		SolutionGuid = {C8439F8C-6959-47BF-8A61-188FACEF01D6}
	EndGlobalSection
EndGlobal
